github.com/rs/dnscache v0.0.0-20211102005908-e0241e321417 h1:Lt9DzQALzHoDwMBGJ6v8ObDPR0dzr2a6sXTB1Fq7IHs=
github.com/rs/dnscache v0.0.0-20211102005908-e0241e321417/go.mod h1:qe5TWALJ8/a1Lqznoc5BDHpYX/8HU60Hm2AwRmqzxqA=
golang.org/x/sync v0.0.0-20190423024810-112230192c58 h1:8gQV6CLnAEikrhgkHFbMAEhagSSnXWGV915qUMm9mrU=
golang.org/x/sync v0.0.0-20190423024810-112230192c58/go.mod h1:RxMgew5VJxzue5/jJTE5uejpjVlOe/izrB70Jof72aM=
